
Microsoft Visual Studio Solution File, Format Version 12.00
# Visual Studio 15
VisualStudioVersion = 15.0.28010.2046
MinimumVisualStudioVersion = 10.0.40219.1
Project("{FAE04EC0-301F-11D3-BF4B-00C04F79EFBC}") = "Vidly", "Vidly\Vidly.csproj", "{E760FF53-D35F-4540-A4D0-93F0E248109D}"
EndProject
Global
	GlobalSection(SolutionConfigurationPlatforms) = preSolution
		Debug|Any CPU = Debug|Any CPU
		Release|Any CPU = Release|Any CPU
	EndGlobalSection
	GlobalSection(ProjectConfigurationPlatforms) = postSolution
		{E760FF53-D35F-4540-A4D0-93F0E248109D}.Debug|Any CPU.ActiveCfg = Debug|Any CPU
		{E760FF53-D35F-4540-A4D0-93F0E248109D}.Debug|Any CPU.Build.0 = Debug|Any CPU
		{E760FF53-D35F-4540-A4D0-93F0E248109D}.Release|Any CPU.ActiveCfg = Release|Any CPU
		{E760FF53-D35F-4540-A4D0-93F0E248109D}.Release|Any CPU.Build.0 = Release|Any CPU
	EndGlobalSection
	GlobalSection(SolutionProperties) = preSolution
		HideSolutionNode = FALSE
	EndGlobalSection
	GlobalSection(ExtensibilityGlobals) = postSolution
		SolutionGuid = {D272C4F5-1B56-4657-9707-471CCA427DAB}
	EndGlobalSection
EndGlobal
